{
  "name": "artist-search",
  "version": "1.0.0",
  "lockfileVersion": 1,
  "requires": true,
  "dependencies": {
    "@sindresorhus/is": {
      "version": "0.7.0",
      "resolved": "https://registry.npmjs.org/@sindresorhus/is/-/is-0.7.0.tgz",
      "integrity": "sha512-ONhaKPIufzzrlNbqtWFFd+jlnemX6lJAgq9ZeiZtS7I1PIf/la7CW4m83rTXRnVnsMbW2k56pGYu7AUFJD9Pow=="
    },
    "accept": {
      "version": "2.1.4",
      "resolved": "https://registry.npmjs.org/accept/-/accept-2.1.4.tgz",
      "integrity": "sha1-iHr1TO7lx/RDBGGXHsQAxh0JrLs=",
      "requires": {
        "boom": "5.x.x",
        "hoek": "4.x.x"
      }
    },
    "ammo": {
      "version": "2.0.4",
      "resolved": "https://registry.npmjs.org/ammo/-/ammo-2.0.4.tgz",
      "integrity": "sha1-v4CqshFpjqePY+9efxE91dnokX8=",
      "requires": {
        "boom": "5.x.x",
        "hoek": "4.x.x"
      }
    },
    "b64": {
      "version": "3.0.3",
      "resolved": "https://registry.npmjs.org/b64/-/b64-3.0.3.tgz",
      "integrity": "sha512-Pbeh0i6OLubPJdIdCepn8ZQHwN2MWznZHbHABSTEfQ706ie+yuxNSaPdqX1xRatT6WanaS1EazMiSg0NUW2XxQ=="
    },
    "boom": {
      "version": "5.2.0",
      "resolved": "https://registry.npmjs.org/boom/-/boom-5.2.0.tgz",
      "integrity": "sha512-Z5BTk6ZRe4tXXQlkqftmsAUANpXmuwlsF5Oov8ThoMbQRzdGTA1ngYRW160GexgOgjsFOKJz0LYhoNi+2AMBUw==",
      "requires": {
        "hoek": "4.x.x"
      }
    },
    "cacheable-request": {
      "version": "2.1.4",
      "resolved": "https://registry.npmjs.org/cacheable-request/-/cacheable-request-2.1.4.tgz",
      "integrity": "sha1-DYCIAbY0KtM8kd+dC0TcCbkeXD0=",
      "requires": {
        "clone-response": "1.0.2",
        "get-stream": "3.0.0",
        "http-cache-semantics": "3.8.1",
        "keyv": "3.0.0",
        "lowercase-keys": "1.0.0",
        "normalize-url": "2.0.1",
        "responselike": "1.0.2"
      },
      "dependencies": {
        "lowercase-keys": {
          "version": "1.0.0",
          "resolved": "https://registry.npmjs.org/lowercase-keys/-/lowercase-keys-1.0.0.tgz",
          "integrity": "sha1-TjNms55/VFfjXxMkvfb4jQv8cwY="
        }
      }
    },
    "call": {
      "version": "4.0.2",
      "resolved": "https://registry.npmjs.org/call/-/call-4.0.2.tgz",
      "integrity": "sha1-33b19R7o3Ui4VqyEAPfmnm1zmcQ=",
      "requires": {
        "boom": "5.x.x",
        "hoek": "4.x.x"
      }
    },
    "catbox": {
      "version": "7.1.5",
      "resolved": "https://registry.npmjs.org/catbox/-/catbox-7.1.5.tgz",
      "integrity": "sha512-4fui5lELzqZ+9cnaAP/BcqXTH6LvWLBRtFhJ0I4FfgfXiSaZcf6k9m9dqOyChiTxNYtvLk7ZMYSf7ahMq3bf5A==",
      "requires": {
        "boom": "5.x.x",
        "hoek": "4.x.x",
        "joi": "10.x.x"
      },
      "dependencies": {
        "joi": {
          "version": "10.6.0",
          "resolved": "https://registry.npmjs.org/joi/-/joi-10.6.0.tgz",
          "integrity": "sha512-hBF3LcqyAid+9X/pwg+eXjD2QBZI5eXnBFJYaAkH4SK3mp9QSRiiQnDYlmlz5pccMvnLcJRS4whhDOTCkmsAdQ==",
          "requires": {
            "hoek": "4.x.x",
            "isemail": "2.x.x",
            "items": "2.x.x",
            "topo": "2.x.x"
          }
        }
      }
    },
    "catbox-memory": {
      "version": "2.0.4",
      "resolved": "https://registry.npmjs.org/catbox-memory/-/catbox-memory-2.0.4.tgz",
      "integrity": "sha1-Qz4lWQLK9UIz0ShkKcj03xToItU=",
      "requires": {
        "hoek": "4.x.x"
      }
    },
    "clone-response": {
      "version": "1.0.2",
      "resolved": "https://registry.npmjs.org/clone-response/-/clone-response-1.0.2.tgz",
      "integrity": "sha1-0dyXOSAxTfZ/vrlCI7TuNQI56Ws=",
      "requires": {
        "mimic-response": "^1.0.0"
      }
    },
    "content": {
      "version": "3.0.6",
      "resolved": "https://registry.npmjs.org/content/-/content-3.0.6.tgz",
      "integrity": "sha512-tyl3fRp8jOHsQR0X9vrIy0mKQccv0tA9/RlvLl514eA7vHOJr/TnmMTpgQjInwbeW9IOQVy0OECGAuQNUa0nnQ==",
      "requires": {
        "boom": "5.x.x"
      }
    },
    "core-util-is": {
      "version": "1.0.2",
      "resolved": "https://registry.npmjs.org/core-util-is/-/core-util-is-1.0.2.tgz",
      "integrity": "sha1-tf1UIgqivFq1eqtxQMlAdUUDwac="
    },
    "cryptiles": {
      "version": "3.1.2",
      "resolved": "https://registry.npmjs.org/cryptiles/-/cryptiles-3.1.2.tgz",
      "integrity": "sha1-qJ+7Ig9c4l7FboxKqKT9e1sNKf4=",
      "requires": {
        "boom": "5.x.x"
      }
    },
    "decode-uri-component": {
      "version": "0.2.0",
      "resolved": "https://registry.npmjs.org/decode-uri-component/-/decode-uri-component-0.2.0.tgz",
      "integrity": "sha1-6zkTMzRYd1y4TNGh+uBiEGu4dUU="
    },
    "decompress-response": {
      "version": "3.3.0",
      "resolved": "https://registry.npmjs.org/decompress-response/-/decompress-response-3.3.0.tgz",
      "integrity": "sha1-gKTdMjdIOEv6JICDYirt7Jgq3/M=",
      "requires": {
        "mimic-response": "^1.0.0"
      }
    },
    "duplexer3": {
      "version": "0.1.4",
      "resolved": "https://registry.npmjs.org/duplexer3/-/duplexer3-0.1.4.tgz",
      "integrity": "sha1-7gHdHKwO08vH/b6jfcCo8c4ALOI="
    },
    "duplexify": {
      "version": "3.5.1",
      "resolved": "https://registry.npmjs.org/duplexify/-/duplexify-3.5.1.tgz",
      "integrity": "sha512-j5goxHTwVED1Fpe5hh3q9R93Kip0Bg2KVAt4f8CEYM3UEwYcPSvWbXaUQOzdX/HtiNomipv+gU7ASQPDbV7pGQ==",
      "requires": {
        "end-of-stream": "^1.0.0",
        "inherits": "^2.0.1",
        "readable-stream": "^2.0.0",
        "stream-shift": "^1.0.0"
      }
    },
    "end-of-stream": {
      "version": "1.4.0",
      "resolved": "https://registry.npmjs.org/end-of-stream/-/end-of-stream-1.4.0.tgz",
      "integrity": "sha1-epDYM+/abPpurA9JSduw+tOmMgY=",
      "requires": {
        "once": "^1.4.0"
      }
    },
    "from2": {
      "version": "2.3.0",
      "resolved": "https://registry.npmjs.org/from2/-/from2-2.3.0.tgz",
      "integrity": "sha1-i/tVAr3kpNNs/e6gB/zKIdfjgq8=",
      "requires": {
        "inherits": "^2.0.1",
        "readable-stream": "^2.0.0"
      }
    },
    "get-stream": {
      "version": "3.0.0",
      "resolved": "https://registry.npmjs.org/get-stream/-/get-stream-3.0.0.tgz",
      "integrity": "sha1-jpQ9E1jcN1VQVOy+LtsFqhdO3hQ="
    },
    "good": {
      "version": "7.3.0",
      "resolved": "https://registry.npmjs.org/good/-/good-7.3.0.tgz",
      "integrity": "sha512-bZ4clzBw75zI424QUOrOnzwSM/7BrJ/2xTX75IT3spIZ052OPYEzLqdSt4mj/zZfs2OU52+/428QEmvyKUscUQ==",
      "requires": {
        "hoek": "4.x.x",
        "joi": "10.x.x",
        "oppsy": "1.x.x",
        "pumpify": "1.3.x"
      },
      "dependencies": {
        "hoek": {
          "version": "4.2.1",
          "resolved": "https://registry.npmjs.org/hoek/-/hoek-4.2.1.tgz",
          "integrity": "sha512-QLg82fGkfnJ/4iy1xZ81/9SIJiq1NGFUMGs6ParyjBZr6jW2Ufj/snDqTHixNlHdPNwN2RLVD0Pi3igeK9+JfA=="
        },
        "joi": {
          "version": "10.6.0",
          "resolved": "https://registry.npmjs.org/joi/-/joi-10.6.0.tgz",
          "integrity": "sha512-hBF3LcqyAid+9X/pwg+eXjD2QBZI5eXnBFJYaAkH4SK3mp9QSRiiQnDYlmlz5pccMvnLcJRS4whhDOTCkmsAdQ==",
          "requires": {
            "hoek": "4.x.x",
            "isemail": "2.x.x",
            "items": "2.x.x",
            "topo": "2.x.x"
          }
        }
      }
    },
    "good-console": {
      "version": "6.4.0",
      "resolved": "https://registry.npmjs.org/good-console/-/good-console-6.4.0.tgz",
      "integrity": "sha1-cpTJ2QxMnwWaCC4YBiVJWWbSulk=",
      "requires": {
        "hoek": "4.x.x",
        "joi": "8.1.x",
        "json-stringify-safe": "5.0.x",
        "moment": "2.15.x"
      },
      "dependencies": {
        "joi": {
          "version": "8.1.1",
          "resolved": "https://registry.npmjs.org/joi/-/joi-8.1.1.tgz",
          "integrity": "sha1-LYtSpdkJ0hftRySFd+7+ixeY9I8=",
          "requires": {
            "hoek": "4.x.x",
            "isemail": "2.x.x",
            "moment": "2.x.x",
            "topo": "2.x.x"
          }
        }
      }
    },
    "got": {
      "version": "8.3.1",
      "resolved": "https://registry.npmjs.org/got/-/got-8.3.1.tgz",
      "integrity": "sha512-tiLX+bnYm5A56T5N/n9Xo89vMaO1mrS9qoDqj3u/anVooqGozvY/HbXzEpDfbNeKsHCBpK40gSbz8wGYSp3i1w==",
      "requires": {
        "@sindresorhus/is": "^0.7.0",
        "cacheable-request": "^2.1.1",
        "decompress-response": "^3.3.0",
        "duplexer3": "^0.1.4",
        "get-stream": "^3.0.0",
        "into-stream": "^3.1.0",
        "is-retry-allowed": "^1.1.0",
        "isurl": "^1.0.0-alpha5",
        "lowercase-keys": "^1.0.0",
        "mimic-response": "^1.0.0",
        "p-cancelable": "^0.4.0",
        "p-timeout": "^2.0.1",
        "pify": "^3.0.0",
        "safe-buffer": "^5.1.1",
        "timed-out": "^4.0.1",
        "url-parse-lax": "^3.0.0",
        "url-to-options": "^1.0.1"
      }
    },
    "hapi": {
      "version": "16.6.2",
      "resolved": "https://registry.npmjs.org/hapi/-/hapi-16.6.2.tgz",
      "integrity": "sha512-DBeIsge8nn3rBSFGX/btOwwkkVIMTuWHIkkiWtRAq8IHxhBfmVSewPm4BprU50PQjncQFw44JTN77l/pMKVHlA==",
      "requires": {
        "accept": "^2.1.4",
        "ammo": "^2.0.4",
        "boom": "^5.2.0",
        "call": "^4.0.2",
        "catbox": "^7.1.5",
        "catbox-memory": "^2.0.4",
        "cryptiles": "^3.1.2",
        "heavy": "^4.0.4",
        "hoek": "^4.2.0",
        "iron": "^4.0.5",
        "items": "^2.1.1",
        "joi": "^11.1.0",
        "mimos": "^3.0.3",
        "podium": "^1.3.0",
        "shot": "^3.4.2",
        "statehood": "^5.0.3",
        "subtext": "^5.0.0",
        "topo": "^2.0.2"
      }
    },
    "has-symbol-support-x": {
      "version": "1.4.2",
      "resolved": "https://registry.npmjs.org/has-symbol-support-x/-/has-symbol-support-x-1.4.2.tgz",
      "integrity": "sha512-3ToOva++HaW+eCpgqZrCfN51IPB+7bJNVT6CUATzueB5Heb8o6Nam0V3HG5dlDvZU1Gn5QLcbahiKw/XVk5JJw=="
    },
    "has-to-string-tag-x": {
      "version": "1.4.1",
      "resolved": "https://registry.npmjs.org/has-to-string-tag-x/-/has-to-string-tag-x-1.4.1.tgz",
      "integrity": "sha512-vdbKfmw+3LoOYVr+mtxHaX5a96+0f3DljYd8JOqvOLsf5mw2Otda2qCDT9qRqLAhrjyQ0h7ual5nOiASpsGNFw==",
      "requires": {
        "has-symbol-support-x": "^1.4.1"
      }
    },
    "heavy": {
      "version": "4.0.4",
      "resolved": "https://registry.npmjs.org/heavy/-/heavy-4.0.4.tgz",
      "integrity": "sha1-NskTNsAMz+hSyqTRUwhjNc0vAOk=",
      "requires": {
        "boom": "5.x.x",
        "hoek": "4.x.x",
        "joi": "10.x.x"
      },
      "dependencies": {
        "joi": {
          "version": "10.6.0",
          "resolved": "https://registry.npmjs.org/joi/-/joi-10.6.0.tgz",
          "integrity": "sha512-hBF3LcqyAid+9X/pwg+eXjD2QBZI5eXnBFJYaAkH4SK3mp9QSRiiQnDYlmlz5pccMvnLcJRS4whhDOTCkmsAdQ==",
          "requires": {
            "hoek": "4.x.x",
            "isemail": "2.x.x",
            "items": "2.x.x",
            "topo": "2.x.x"
          }
        }
      }
    },
    "hoek": {
      "version": "4.2.1",
      "resolved": "https://registry.npmjs.org/hoek/-/hoek-4.2.1.tgz",
      "integrity": "sha512-QLg82fGkfnJ/4iy1xZ81/9SIJiq1NGFUMGs6ParyjBZr6jW2Ufj/snDqTHixNlHdPNwN2RLVD0Pi3igeK9+JfA=="
    },
    "http-cache-semantics": {
      "version": "3.8.1",
      "resolved": "https://registry.npmjs.org/http-cache-semantics/-/http-cache-semantics-3.8.1.tgz",
      "integrity": "sha512-5ai2iksyV8ZXmnZhHH4rWPoxxistEexSi5936zIQ1bnNTW5VnA85B6P/VpXiRM017IgRvb2kKo1a//y+0wSp3w=="
    },
    "inherits": {
      "version": "2.0.3",
      "resolved": "https://registry.npmjs.org/inherits/-/inherits-2.0.3.tgz",
      "integrity": "sha1-Yzwsg+PaQqUC9SRmAiSA9CCCYd4="
    },
    "into-stream": {
      "version": "3.1.0",
      "resolved": "https://registry.npmjs.org/into-stream/-/into-stream-3.1.0.tgz",
      "integrity": "sha1-lvsKk2wSur1v8XUqF9BWFqvQlMY=",
      "requires": {
        "from2": "^2.1.1",
        "p-is-promise": "^1.1.0"
      }
    },
    "iron": {
      "version": "4.0.5",
      "resolved": "https://registry.npmjs.org/iron/-/iron-4.0.5.tgz",
      "integrity": "sha1-TwQszri5c480a1mqc0yDqJvDFCg=",
      "requires": {
        "boom": "5.x.x",
        "cryptiles": "3.x.x",
        "hoek": "4.x.x"
      }
    },
    "is-object": {
      "version": "1.0.1",
      "resolved": "https://registry.npmjs.org/is-object/-/is-object-1.0.1.tgz",
      "integrity": "sha1-iVJojF7C/9awPsyF52ngKQMINHA="
    },
    "is-plain-obj": {
      "version": "1.1.0",
      "resolved": "https://registry.npmjs.org/is-plain-obj/-/is-plain-obj-1.1.0.tgz",
      "integrity": "sha1-caUMhCnfync8kqOQpKA7OfzVHT4="
    },
    "is-retry-allowed": {
      "version": "1.1.0",
      "resolved": "https://registry.npmjs.org/is-retry-allowed/-/is-retry-allowed-1.1.0.tgz",
      "integrity": "sha1-EaBgVotnM5REAz0BJaYaINVk+zQ="
    },
    "isarray": {
      "version": "1.0.0",
      "resolved": "https://registry.npmjs.org/isarray/-/isarray-1.0.0.tgz",
      "integrity": "sha1-u5NdSFgsuhaMBoNJV6VKPgcSTxE="
    },
    "isemail": {
      "version": "2.2.1",
      "resolved": "https://registry.npmjs.org/isemail/-/isemail-2.2.1.tgz",
      "integrity": "sha1-A1PT2aYpUQgMJiwqoKQrjqjp4qY="
    },
    "isurl": {
      "version": "1.0.0",
      "resolved": "https://registry.npmjs.org/isurl/-/isurl-1.0.0.tgz",
      "integrity": "sha512-1P/yWsxPlDtn7QeRD+ULKQPaIaN6yF368GZ2vDfv0AL0NwpStafjWCDDdn0k8wgFMWpVAqG7oJhxHnlud42i9w==",
      "requires": {
        "has-to-string-tag-x": "^1.2.0",
        "is-object": "^1.0.1"
      }
    },
    "items": {
      "version": "2.1.1",
      "resolved": "https://registry.npmjs.org/items/-/items-2.1.1.tgz",
      "integrity": "sha1-i9FtnIOxlSneWuoyGsqtp4NkoZg="
    },
    "joi": {
      "version": "11.4.0",
      "resolved": "https://registry.npmjs.org/joi/-/joi-11.4.0.tgz",
      "integrity": "sha512-O7Uw+w/zEWgbL6OcHbyACKSj0PkQeUgmehdoXVSxt92QFCq4+1390Rwh5moI2K/OgC7D8RHRZqHZxT2husMJHA==",
      "requires": {
        "hoek": "4.x.x",
        "isemail": "3.x.x",
        "topo": "2.x.x"
      },
      "dependencies": {
        "isemail": {
          "version": "3.0.0",
          "resolved": "https://registry.npmjs.org/isemail/-/isemail-3.0.0.tgz",
          "integrity": "sha512-rz0ng/c+fX+zACpLgDB8fnUQ845WSU06f4hlhk4K8TJxmR6f5hyvitu9a9JdMD7aq/P4E0XdG1uaab2OiXgHlA==",
          "requires": {
            "punycode": "2.x.x"
          }
        }
      }
    },
    "json-buffer": {
      "version": "3.0.0",
      "resolved": "https://registry.npmjs.org/json-buffer/-/json-buffer-3.0.0.tgz",
      "integrity": "sha1-Wx85evx11ne96Lz8Dkfh+aPZqJg="
    },
    "json-stringify-safe": {
      "version": "5.0.1",
      "resolved": "https://registry.npmjs.org/json-stringify-safe/-/json-stringify-safe-5.0.1.tgz",
      "integrity": "sha1-Epai1Y/UXxmg9s4B1lcB4sc1tus="
    },
    "keyv": {
      "version": "3.0.0",
      "resolved": "https://registry.npmjs.org/keyv/-/keyv-3.0.0.tgz",
      "integrity": "sha512-eguHnq22OE3uVoSYG0LVWNP+4ppamWr9+zWBe1bsNcovIMy6huUJFPgy4mGwCd/rnl3vOLGW1MTlu4c57CT1xA==",
      "requires": {
        "json-buffer": "3.0.0"
      }
    },
    "lodash": {
      "version": "4.17.10",
      "resolved": "https://registry.npmjs.org/lodash/-/lodash-4.17.10.tgz",
      "integrity": "sha512-UejweD1pDoXu+AD825lWwp4ZGtSwgnpZxb3JDViD7StjQz+Nb/6l093lx4OQ0foGWNRoc19mWy7BzL+UAK2iVg=="
    },
    "lowercase-keys": {
      "version": "1.0.1",
      "resolved": "https://registry.npmjs.org/lowercase-keys/-/lowercase-keys-1.0.1.tgz",
      "integrity": "sha512-G2Lj61tXDnVFFOi8VZds+SoQjtQC3dgokKdDG2mTm1tx4m50NUHBOZSBwQQHyy0V12A0JTG4icfZQH+xPyh8VA=="
    },
    "mime-db": {
      "version": "1.31.0",
      "resolved": "https://registry.npmjs.org/mime-db/-/mime-db-1.31.0.tgz",
      "integrity": "sha512-oB3w9lx50CMd6nfonoV5rBRUbJtjMifUHaFb5MfzjC8ksAIfVjT0BsX46SjjqBz7n9JGTrTX3paIeLSK+rS5fQ=="
    },
    "mimic-response": {
      "version": "1.0.0",
      "resolved": "https://registry.npmjs.org/mimic-response/-/mimic-response-1.0.0.tgz",
      "integrity": "sha1-3z02Uqc/3ta5sLJBRub9BSNTRY4="
    },
    "mimos": {
      "version": "3.0.3",
      "resolved": "https://registry.npmjs.org/mimos/-/mimos-3.0.3.tgz",
      "integrity": "sha1-uRCQcq03jCty9qAQHEPd+ys2ZB8=",
      "requires": {
        "hoek": "4.x.x",
        "mime-db": "1.x.x"
      }
    },
    "moment": {
      "version": "2.15.2",
      "resolved": "https://registry.npmjs.org/moment/-/moment-2.15.2.tgz",
      "integrity": "sha1-G/3t9qbjRfMi/pVtXfW9CKjOhNw="
    },
    "musicmatch": {
      "version": "0.3.2",
      "resolved": "https://registry.npmjs.org/musicmatch/-/musicmatch-0.3.2.tgz",
      "integrity": "sha512-O+Q5MwPUTkvuJePqowUKlk/wJXAZ7Z07qyLBmPgPvo6kHsrEXh0GF+be68h4TyaBKBgyYBrTkVGcVKxu25Amvw==",
      "requires": {
        "got": "^8.3.1",
        "query-parse": "^2.0.0"
      }
    },
    "nigel": {
      "version": "2.0.2",
      "resolved": "https://registry.npmjs.org/nigel/-/nigel-2.0.2.tgz",
      "integrity": "sha1-k6GGb7DFLYc5CqdeKxYfS1x15bE=",
      "requires": {
        "hoek": "4.x.x",
        "vise": "2.x.x"
      }
    },
    "normalize-url": {
      "version": "2.0.1",
      "resolved": "https://registry.npmjs.org/normalize-url/-/normalize-url-2.0.1.tgz",
      "integrity": "sha512-D6MUW4K/VzoJ4rJ01JFKxDrtY1v9wrgzCX5f2qj/lzH1m/lW6MhUZFKerVsnyjOhOsYzI9Kqqak+10l4LvLpMw==",
      "requires": {
        "prepend-http": "^2.0.0",
        "query-string": "^5.0.1",
        "sort-keys": "^2.0.0"
      }
    },
    "object-assign": {
      "version": "4.1.1",
      "resolved": "https://registry.npmjs.org/object-assign/-/object-assign-4.1.1.tgz",
      "integrity": "sha1-IQmtx5ZYh8/AXLvUQsrIv7s2CGM="
    },
    "once": {
      "version": "1.4.0",
      "resolved": "https://registry.npmjs.org/once/-/once-1.4.0.tgz",
      "integrity": "sha1-WDsap3WWHUsROsF9nFC6753Xa9E=",
      "requires": {
        "wrappy": "1"
      }
    },
    "oppsy": {
      "version": "1.0.2",
      "resolved": "https://registry.npmjs.org/oppsy/-/oppsy-1.0.2.tgz",
      "integrity": "sha1-mAFM1pZ2U6g8//pVQibckAULqtQ=",
      "requires": {
        "hoek": "4.x.x",
        "items": "2.x.x"
      }
    },
    "p-cancelable": {
      "version": "0.4.1",
      "resolved": "https://registry.npmjs.org/p-cancelable/-/p-cancelable-0.4.1.tgz",
      "integrity": "sha512-HNa1A8LvB1kie7cERyy21VNeHb2CWJJYqyyC2o3klWFfMGlFmWv2Z7sFgZH8ZiaYL95ydToKTFVXgMV/Os0bBQ=="
    },
    "p-finally": {
      "version": "1.0.0",
      "resolved": "https://registry.npmjs.org/p-finally/-/p-finally-1.0.0.tgz",
      "integrity": "sha1-P7z7FbiZpEEjs0ttzBi3JDNqLK4="
    },
    "p-is-promise": {
      "version": "1.1.0",
      "resolved": "https://registry.npmjs.org/p-is-promise/-/p-is-promise-1.1.0.tgz",
      "integrity": "sha1-nJRWmJ6fZYgBewQ01WCXZ1w9oF4="
    },
    "p-timeout": {
      "version": "2.0.1",
      "resolved": "https://registry.npmjs.org/p-timeout/-/p-timeout-2.0.1.tgz",
      "integrity": "sha512-88em58dDVB/KzPEx1X0N3LwFfYZPyDc4B6eF38M1rk9VTZMbxXXgjugz8mmwpS9Ox4BDZ+t6t3QP5+/gazweIA==",
      "requires": {
        "p-finally": "^1.0.0"
      }
    },
    "pez": {
      "version": "2.1.5",
      "resolved": "https://registry.npmjs.org/pez/-/pez-2.1.5.tgz",
      "integrity": "sha1-XsLMYlAMw+tCNtSkFM9aF7XrUAc=",
      "requires": {
        "b64": "3.x.x",
        "boom": "5.x.x",
        "content": "3.x.x",
        "hoek": "4.x.x",
        "nigel": "2.x.x"
      }
    },
    "pify": {
      "version": "3.0.0",
      "resolved": "https://registry.npmjs.org/pify/-/pify-3.0.0.tgz",
      "integrity": "sha1-5aSs0sEB/fPZpNB/DbxNtJ3SgXY="
    },
    "podium": {
      "version": "1.3.0",
      "resolved": "https://registry.npmjs.org/podium/-/podium-1.3.0.tgz",
      "integrity": "sha512-ZIujqk1pv8bRZNVxwwwq0BhXilZ2udycQT3Kp8ah3f3TcTmVg7ILJsv/oLf47gRa2qeiP584lNq+pfvS9U3aow==",
      "requires": {
        "hoek": "4.x.x",
        "items": "2.x.x",
        "joi": "10.x.x"
      },
      "dependencies": {
        "joi": {
          "version": "10.6.0",
          "resolved": "https://registry.npmjs.org/joi/-/joi-10.6.0.tgz",
          "integrity": "sha512-hBF3LcqyAid+9X/pwg+eXjD2QBZI5eXnBFJYaAkH4SK3mp9QSRiiQnDYlmlz5pccMvnLcJRS4whhDOTCkmsAdQ==",
          "requires": {
            "hoek": "4.x.x",
            "isemail": "2.x.x",
            "items": "2.x.x",
            "topo": "2.x.x"
          }
        }
      }
    },
    "prepend-http": {
      "version": "2.0.0",
      "resolved": "https://registry.npmjs.org/prepend-http/-/prepend-http-2.0.0.tgz",
      "integrity": "sha1-6SQ0v6XqjBn0HN/UAddBo8gZ2Jc="
    },
    "process-nextick-args": {
      "version": "1.0.7",
      "resolved": "https://registry.npmjs.org/process-nextick-args/-/process-nextick-args-1.0.7.tgz",
      "integrity": "sha1-FQ4gt1ZZCtP5EJPyWk8q2L/zC6M="
    },
    "pump": {
      "version": "1.0.2",
      "resolved": "https://registry.npmjs.org/pump/-/pump-1.0.2.tgz",
      "integrity": "sha1-Oz7mUS+U8OV1U4wXmV+fFpkKXVE=",
      "requires": {
        "end-of-stream": "^1.1.0",
        "once": "^1.3.1"
      }
    },
    "pumpify": {
      "version": "1.3.5",
      "resolved": "https://registry.npmjs.org/pumpify/-/pumpify-1.3.5.tgz",
      "integrity": "sha1-G2ccYZlAq8rqwK0OOjwWS+dgmTs=",
      "requires": {
        "duplexify": "^3.1.2",
        "inherits": "^2.0.1",
        "pump": "^1.0.0"
      }
    },
    "punycode": {
      "version": "2.1.0",
      "resolved": "https://registry.npmjs.org/punycode/-/punycode-2.1.0.tgz",
      "integrity": "sha1-X4Y+3Im5bbCQdLrXlHvwkFbKTn0="
    },
    "query-parse": {
      "version": "2.0.0",
      "resolved": "https://registry.npmjs.org/query-parse/-/query-parse-2.0.0.tgz",
      "integrity": "sha512-mabTzsUZo6OnNvJ7zr6v0cCVtxZT7ZUw/39wJU33c8VOFYRqW9+eNkWNhsfGqTc2OKZaghbWjn6Cwtut+FzsdA==",
      "requires": {
        "lodash": "^4.17.4"
      }
    },
    "query-string": {
      "version": "5.1.1",
      "resolved": "https://registry.npmjs.org/query-string/-/query-string-5.1.1.tgz",
      "integrity": "sha512-gjWOsm2SoGlgLEdAGt7a6slVOk9mGiXmPFMqrEhLQ68rhQuBnpfs3+EmlvqKyxnCo9/PPlF+9MtY02S1aFg+Jw==",
      "requires": {
        "decode-uri-component": "^0.2.0",
        "object-assign": "^4.1.0",
        "strict-uri-encode": "^1.0.0"
      }
    },
    "readable-stream": {
      "version": "2.3.3",
      "resolved": "https://registry.npmjs.org/readable-stream/-/readable-stream-2.3.3.tgz",
      "integrity": "sha512-m+qzzcn7KUxEmd1gMbchF+Y2eIUbieUaxkWtptyHywrX0rE8QEYqPC07Vuy4Wm32/xE16NcdBctb8S0Xe/5IeQ==",
      "requires": {
        "core-util-is": "~1.0.0",
        "inherits": "~2.0.3",
        "isarray": "~1.0.0",
        "process-nextick-args": "~1.0.6",
        "safe-buffer": "~5.1.1",
        "string_decoder": "~1.0.3",
        "util-deprecate": "~1.0.1"
      }
    },
    "responselike": {
      "version": "1.0.2",
      "resolved": "https://registry.npmjs.org/responselike/-/responselike-1.0.2.tgz",
      "integrity": "sha1-kYcg7ztjHFZCvgaPFa3lpG9Loec=",
      "requires": {
        "lowercase-keys": "^1.0.0"
      }
    },
    "safe-buffer": {
      "version": "5.1.1",
      "resolved": "https://registry.npmjs.org/safe-buffer/-/safe-buffer-5.1.1.tgz",
      "integrity": "sha512-kKvNJn6Mm93gAczWVJg7wH+wGYWNrDHdWvpUmHyEsgCtIwwo3bqPtV4tR5tuPaUhTOo/kvhVwd8XwwOllGYkbg=="
    },
    "shot": {
      "version": "3.4.2",
      "resolved": "https://registry.npmjs.org/shot/-/shot-3.4.2.tgz",
      "integrity": "sha1-Hlw/bysmZJrcQvfrNQIUpaApHWc=",
      "requires": {
        "hoek": "4.x.x",
        "joi": "10.x.x"
      },
      "dependencies": {
        "joi": {
          "version": "10.6.0",
          "resolved": "https://registry.npmjs.org/joi/-/joi-10.6.0.tgz",
          "integrity": "sha512-hBF3LcqyAid+9X/pwg+eXjD2QBZI5eXnBFJYaAkH4SK3mp9QSRiiQnDYlmlz5pccMvnLcJRS4whhDOTCkmsAdQ==",
          "requires": {
            "hoek": "4.x.x",
            "isemail": "2.x.x",
            "items": "2.x.x",
            "topo": "2.x.x"
          }
        }
      }
    },
    "sort-keys": {
      "version": "2.0.0",
      "resolved": "https://registry.npmjs.org/sort-keys/-/sort-keys-2.0.0.tgz",
      "integrity": "sha1-ZYU1WEhh7JfXMNbPQYIuH1ZoQSg=",
      "requires": {
        "is-plain-obj": "^1.0.0"
      }
    },
    "statehood": {
      "version": "5.0.3",
      "resolved": "https://registry.npmjs.org/statehood/-/statehood-5.0.3.tgz",
      "integrity": "sha512-YrPrCt10t3ImH/JMO5szSwX7sCm8HoqVl3VFLOa9EZ1g/qJx/ZmMhN+2uzPPB/vaU6hpkJpXxcBWsgIkkG+MXA==",
      "requires": {
        "boom": "5.x.x",
        "cryptiles": "3.x.x",
        "hoek": "4.x.x",
        "iron": "4.x.x",
        "items": "2.x.x",
        "joi": "10.x.x"
      },
      "dependencies": {
        "joi": {
          "version": "10.6.0",
          "resolved": "https://registry.npmjs.org/joi/-/joi-10.6.0.tgz",
          "integrity": "sha512-hBF3LcqyAid+9X/pwg+eXjD2QBZI5eXnBFJYaAkH4SK3mp9QSRiiQnDYlmlz5pccMvnLcJRS4whhDOTCkmsAdQ==",
          "requires": {
            "hoek": "4.x.x",
            "isemail": "2.x.x",
            "items": "2.x.x",
            "topo": "2.x.x"
          }
        }
      }
    },
    "stream-shift": {
      "version": "1.0.0",
      "resolved": "https://registry.npmjs.org/stream-shift/-/stream-shift-1.0.0.tgz",
      "integrity": "sha1-1cdSgl5TZ+eG944Y5EXqIjoVWVI="
    },
    "strict-uri-encode": {
      "version": "1.1.0",
      "resolved": "https://registry.npmjs.org/strict-uri-encode/-/strict-uri-encode-1.1.0.tgz",
      "integrity": "sha1-J5siXfHVgrH1TmWt3UNS4Y+qBxM="
    },
    "string_decoder": {
      "version": "1.0.3",
      "resolved": "https://registry.npmjs.org/string_decoder/-/string_decoder-1.0.3.tgz",
      "integrity": "sha512-4AH6Z5fzNNBcH+6XDMfA/BTt87skxqJlO0lAh3Dker5zThcAxG6mKz+iGu308UKoPPQ8Dcqx/4JhujzltRa+hQ==",
      "requires": {
        "safe-buffer": "~5.1.0"
      }
    },
    "subtext": {
      "version": "5.0.0",
      "resolved": "https://registry.npmjs.org/subtext/-/subtext-5.0.0.tgz",
      "integrity": "sha512-2nXG1G1V+K64Z20cQII7k0s38J2DSycMXBLMAk9RXUFG0uAkAbLSVoa88croX9VhTdBCJbLAe9g6LmzKwpJhhQ==",
      "requires": {
        "boom": "5.x.x",
        "content": "3.x.x",
        "hoek": "4.x.x",
        "pez": "2.x.x",
        "wreck": "12.x.x"
      }
    },
    "timed-out": {
      "version": "4.0.1",
      "resolved": "https://registry.npmjs.org/timed-out/-/timed-out-4.0.1.tgz",
      "integrity": "sha1-8y6srFoXW+ol1/q1Zas+2HQe9W8="
    },
    "topo": {
      "version": "2.0.2",
      "resolved": "https://registry.npmjs.org/topo/-/topo-2.0.2.tgz",
      "integrity": "sha1-zVYVdSU5BXwNwEkaYhw7xvvh0YI=",
      "requires": {
        "hoek": "4.x.x"
      }
    },
    "url-parse-lax": {
      "version": "3.0.0",
      "resolved": "https://registry.npmjs.org/url-parse-lax/-/url-parse-lax-3.0.0.tgz",
      "integrity": "sha1-FrXK/Afb42dsGxmZF3gj1lA6yww=",
      "requires": {
        "prepend-http": "^2.0.0"
      }
    },
    "url-to-options": {
      "version": "1.0.1",
      "resolved": "https://registry.npmjs.org/url-to-options/-/url-to-options-1.0.1.tgz",
      "integrity": "sha1-FQWgOiiaSMvXpDTvuu7FBV9WM6k="
    },
    "util-deprecate": {
      "version": "1.0.2",
      "resolved": "https://registry.npmjs.org/util-deprecate/-/util-deprecate-1.0.2.tgz",
      "integrity": "sha1-RQ1Nyfpw3nMnYvvS1KKJgUGaDM8="
    },
    "vise": {
      "version": "2.0.2",
      "resolved": "https://registry.npmjs.org/vise/-/vise-2.0.2.tgz",
      "integrity": "sha1-awjo+0y3bjpQzW3Q7DczjoEaDTk=",
      "requires": {
        "hoek": "4.x.x"
      }
    },
    "wrappy": {
      "version": "1.0.2",
      "resolved": "https://registry.npmjs.org/wrappy/-/wrappy-1.0.2.tgz",
      "integrity": "sha1-tSQ9jz7BqjXxNkYFvA0QNuMKtp8="
    },
    "wreck": {
      "version": "12.5.1",
      "resolved": "https://registry.npmjs.org/wreck/-/wreck-12.5.1.tgz",
      "integrity": "sha512-l5DUGrc+yDyIflpty1x9XuMj1ehVjC/dTbF3/BasOO77xk0EdEa4M/DuOY8W88MQDAD0fEDqyjc8bkIMHd2E9A==",
      "requires": {
        "boom": "5.x.x",
        "hoek": "4.x.x"
      }
    }
  }
}
